{
  "name": "mern",
  "version": "0.1.0",
  "lockfileVersion": 1,
  "requires": true,
  "dependencies": {
    "classnames": {
      "version": "2.2.5",
      "resolved": "https://registry.npmjs.org/classnames/-/classnames-2.2.5.tgz",
      "integrity": "sha1-+zgB1FNGdknvNgPH1hoCvRKb3m0="
    },
    "react-drawer": {
      "version": "1.3.4",
      "resolved": "https://registry.npmjs.org/react-drawer/-/react-drawer-1.3.4.tgz",
      "integrity": "sha512-gskmwlzzOonILDbfx2EqfaPqu1XDZgdf0o+gCEpNWFNRD2VPmn1qHtC6BfMpZUBeP8U3hURooTGfF7O94YM5Vg==",
      "requires": {
        "classnames": "2.2.5"
      }
    }
  }
}
